
Microsoft Visual Studio Solution File, Format Version 12.00
# Visual Studio Version 16
VisualStudioVersion = 16.0.29411.108
MinimumVisualStudioVersion = 10.0.40219.1
Project("{FAE04EC0-301F-11D3-BF4B-00C04F79EFBC}") = "Snapshot", "Snapshot.csproj", "{4E90DFE9-E401-4CBA-8FEB-A612D5CC023D}"
EndProject
Global
	GlobalSection(SolutionConfigurationPlatforms) = preSolution
		Debug|Any CPU = Debug|Any CPU
		Release|Any CPU = Release|Any CPU
	EndGlobalSection
	GlobalSection(ProjectConfigurationPlatforms) = postSolution
		{4E90DFE9-E401-4CBA-8FEB-A612D5CC023D}.Debug|Any CPU.ActiveCfg = Debug|Any CPU
		{4E90DFE9-E401-4CBA-8FEB-A612D5CC023D}.Debug|Any CPU.Build.0 = Debug|Any CPU
		{4E90DFE9-E401-4CBA-8FEB-A612D5CC023D}.Release|Any CPU.ActiveCfg = Release|Any CPU
		{4E90DFE9-E401-4CBA-8FEB-A612D5CC023D}.Release|Any CPU.Build.0 = Release|Any CPU
	EndGlobalSection
	GlobalSection(SolutionProperties) = preSolution
		HideSolutionNode = FALSE
	EndGlobalSection
	GlobalSection(ExtensibilityGlobals) = postSolution
		SolutionGuid = {F965F848-4A9B-450C-AB7E-07E9EE05993A}
	EndGlobalSection
EndGlobal
